// !$*UTF8*$!
{
	archiveVersion = 1;
	classes = {
	};
	objectVersion = 50;
	objects = {

/* Begin PBXBuildFile section */
		B755BC1B219DEFB600A9E085 /* AppDelegate.m in Sources */ = {isa = PBXBuildFile; fileRef = B755BC1A219DEFB600A9E085 /* AppDelegate.m */; };
		B755BC1E219DEFB600A9E085 /* ViewController.m in Sources */ = {isa = PBXBuildFile; fileRef = B755BC1D219DEFB600A9E085 /* ViewController.m */; };
		B755BC21219DEFB600A9E085 /* Main.storyboard in Resources */ = {isa = PBXBuildFile; fileRef = B755BC1F219DEFB600A9E085 /* Main.storyboard */; };
		B755BC23219DEFB800A9E085 /* Assets.xcassets in Resources */ = {isa = PBXBuildFile; fileRef = B755BC22219DEFB800A9E085 /* Assets.xcassets */; };
		B755BC26219DEFB800A9E085 /* LaunchScreen.storyboard in Resources */ = {isa = PBXBuildFile; fileRef = B755BC24219DEFB800A9E085 /* LaunchScreen.storyboard */; };
		B755BC29219DEFB800A9E085 /* main.m in Sources */ = {isa = PBXBuildFile; fileRef = B755BC28219DEFB800A9E085 /* main.m */; };
/* End PBXBuildFile section */

/* Begin PBXFileReference section */
		B755BC16219DEFB600A9E085 /* Rover.app */ = {isa = PBXFileReference; explicitFileType = wrapper.application; includeInIndex = 0; path = Rover.app; sourceTree = BUILT_PRODUCTS_DIR; };
		B755BC19219DEFB600A9E085 /* AppDelegate.h */ = {isa = PBXFileReference; lastKnownFileType = sourcecode.c.h; path = AppDelegate.h; sourceTree = "<group>"; };
		B755BC1A219DEFB600A9E085 /* AppDelegate.m */ = {isa = PBXFileReference; lastKnownFileType = sourcecode.c.objc; path = AppDelegate.m; sourceTree = "<group>"; };
		B755BC1C219DEFB600A9E085 /* ViewController.h */ = {isa = PBXFileReference; lastKnownFileType = sourcecode.c.h; path = ViewController.h; sourceTree = "<group>"; };
		B755BC1D219DEFB600A9E085 /* ViewController.m */ = {isa = PBXFileReference; lastKnownFileType = sourcecode.c.objc; path = ViewController.m; sourceTree = "<group>"; };
		B755BC20219DEFB600A9E085 /* Base */ = {isa = PBXFileReference; lastKnownFileType = file.storyboard; name = Base; path = Base.lproj/Main.storyboard; sourceTree = "<group>"; };
		B755BC22219DEFB800A9E085 /* Assets.xcassets */ = {isa = PBXFileReference; lastKnownFileType = folder.assetcatalog; path = Assets.xcassets; sourceTree = "<group>"; };
		B755BC25219DEFB800A9E085 /* Base */ = {isa = PBXFileReference; lastKnownFileType = file.storyboard; name = Base; path = Base.lproj/LaunchScreen.storyboard; sourceTree = "<group>"; };
		B755BC27219DEFB800A9E085 /* Info.plist */ = {isa = PBXFileReference; lastKnownFileType = text.plist.xml; path = Info.plist; sourceTree = "<group>"; };
		B755BC28219DEFB800A9E085 /* main.m */ = {isa = PBXFileReference; lastKnownFileType = sourcecode.c.objc; path = main.m; sourceTree = "<group>"; };
/* End PBXFileReference section */

/* Begin PBXFrameworksBuildPhase section */
		B755BC13219DEFB600A9E085 /* Frameworks */ = {
			isa = PBXFrameworksBuildPhase;
			buildActionMask = 2147483647;
			files = (
			);
			runOnlyForDeploymentPostprocessing = 0;
		};
/* End PBXFrameworksBuildPhase section */

/* Begin PBXGroup section */
		B755BC0D219DEFB600A9E085 = {
			isa = PBXGroup;
			children = (
				B755BC18219DEFB600A9E085 /* Rover */,
				B755BC17219DEFB600A9E085 /* Products */,
			);
			sourceTree = "<group>";
		};
		B755BC17219DEFB600A9E085 /* Products */ = {
			isa = PBXGroup;
			children = (
				B755BC16219DEFB600A9E085 /* Rover.app */,
			);
			name = Products;
			sourceTree = "<group>";
		};
		B755BC18219DEFB600A9E085 /* Rover */ = {
			isa = PBXGroup;
			children = (
				B755BC19219DEFB600A9E085 /* AppDelegate.h */,
				B755BC1A219DEFB600A9E085 /* AppDelegate.m */,
				B755BC1C219DEFB600A9E085 /* ViewController.h */,
				B755BC1D219DEFB600A9E085 /* ViewController.m */,
				B755BC1F219DEFB600A9E085 /* Main.storyboard */,
				B755BC22219DEFB800A9E085 /* Assets.xcassets */,
				B755BC24219DEFB800A9E085 /* LaunchScreen.storyboard */,
				B755BC27219DEFB800A9E085 /* Info.plist */,
				B755BC28219DEFB800A9E085 /* main.m */,
			);
			path = Rover;
			sourceTree = "<group>";
		};
/* End PBXGroup section */

/* Begin PBXNativeTarget section */
		B755BC15219DEFB600A9E085 /* Rover */ = {
			isa = PBXNativeTarget;
			buildConfigurationList = B755BC2C219DEFB800A9E085 /* Build configuration list for PBXNativeTarget "Rover" */;
			buildPhases = (
				B755BC12219DEFB600A9E085 /* Sources */,
				B755BC13219DEFB600A9E085 /* Frameworks */,
				B755BC14219DEFB600A9E085 /* Resources */,
			);
			buildRules = (
			);
			dependencies = (
			);
			name = Rover;
			productName = Rover;
			productReference = B755BC16219DEFB600A9E085 /* Rover.app */;
			productType = "com.apple.product-type.application";
		};
/* End PBXNativeTarget section */

/* Begin PBXProject section */
		B755BC0E219DEFB600A9E085 /* Project object */ = {
			isa = PBXProject;
			attributes = {
				LastUpgradeCheck = 1010;
				ORGANIZATIONNAME = DevMtnStudent;
				TargetAttributes = {
					B755BC15219DEFB600A9E085 = {
						CreatedOnToolsVersion = 10.1;
					};
				};
			};
			buildConfigurationList = B755BC11219DEFB600A9E085 /* Build configuration list for PBXProject "Rover" */;
			compatibilityVersion = "Xcode 9.3";
			developmentRegion = en;
			hasScannedForEncodings = 0;
			knownRegions = (
				en,
				Base,
			);
			mainGroup = B755BC0D219DEFB600A9E085;
			productRefGroup = B755BC17219DEFB600A9E085 /* Products */;
			projectDirPath = "";
			projectRoot = "";
			targets = (
				B755BC15219DEFB600A9E085 /* Rover */,
			);
		};
/* End PBXProject section */

/* Begin PBXResourcesBuildPhase section */
		B755BC14219DEFB600A9E085 /* Resources */ = {
			isa = PBXResourcesBuildPhase;
			buildActionMask = 2147483647;
			files = (
				B755BC26219DEFB800A9E085 /* LaunchScreen.storyboard in Resources */,
				B755BC23219DEFB800A9E085 /* Assets.xcassets in Resources */,
				B755BC21219DEFB600A9E085 /* Main.storyboard in Resources */,
			);
			runOnlyForDeploymentPostprocessing = 0;
		};
/* End PBXResourcesBuildPhase section */

/* Begin PBXSourcesBuildPhase section */
		B755BC12219DEFB600A9E085 /* Sources */ = {
			isa = PBXSourcesBuildPhase;
			buildActionMask = 2147483647;
			files = (
				B755BC1E219DEFB600A9E085 /* ViewController.m in Sources */,
				B755BC29219DEFB800A9E085 /* main.m in Sources */,
				B755BC1B219DEFB600A9E085 /* AppDelegate.m in Sources */,
			);
			runOnlyForDeploymentPostprocessing = 0;
		};
/* End PBXSourcesBuildPhase section */

/* Begin PBXVariantGroup section */
		B755BC1F219DEFB600A9E085 /* Main.storyboard */ = {
			isa = PBXVariantGroup;
			children = (
				B755BC20219DEFB600A9E085 /* Base */,
			);
			name = Main.storyboard;
			sourceTree = "<group>";
		};
		B755BC24219DEFB800A9E085 /* LaunchScreen.storyboard */ = {
			isa = PBXVariantGroup;
			children = (
				B755BC25219DEFB800A9E085 /* Base */,
			);
			name = LaunchScreen.storyboard;
			sourceTree = "<group>";
		};
/* End PBXVariantGroup section */

/* Begin XCBuildConfiguration section */
		B755BC2A219DEFB800A9E085 /* Debug */ = {
			isa = XCBuildConfiguration;
			buildSettings = {
				ALWAYS_SEARCH_USER_PATHS = NO;
				CLANG_ANALYZER_NONNULL = YES;
				CLANG_ANALYZER_NUMBER_OBJECT_CONVERSION = YES_AGGRESSIVE;
				CLANG_CXX_LANGUAGE_STANDARD = "gnu++14";
				CLANG_CXX_LIBRARY = "libc++";
				CLANG_ENABLE_MODULES = YES;
				CLANG_ENABLE_OBJC_ARC = YES;
				CLANG_ENABLE_OBJC_WEAK = YES;
				CLANG_WARN_BLOCK_CAPTURE_AUTORELEASING = YES;
				CLANG_WARN_BOOL_CONVERSION = YES;
				CLANG_WARN_COMMA = YES;
				CLANG_WARN_CONSTANT_CONVERSION = YES;
				CLANG_WARN_DEPRECATED_OBJC_IMPLEMENTATIONS = YES;
				CLANG_WARN_DIRECT_OBJC_ISA_USAGE = YES_ERROR;
				CLANG_WARN_DOCUMENTATION_COMMENTS = YES;
				CLANG_WARN_EMPTY_BODY = YES;
				CLANG_WARN_ENUM_CONVERSION = YES;
				CLANG_WARN_INFINITE_RECURSION = YES;
				CLANG_WARN_INT_CONVERSION = YES;
				CLANG_WARN_NON_LITERAL_NULL_CONVERSION = YES;
				CLANG_WARN_OBJC_IMPLICIT_RETAIN_SELF = YES;
				CLANG_WARN_OBJC_LITERAL_CONVERSION = YES;
				CLANG_WARN_OBJC_ROOT_CLASS = YES_ERROR;
				CLANG_WARN_RANGE_LOOP_ANALYSIS = YES;
				CLANG_WARN_STRICT_PROTOTYPES = YES;
				CLANG_WARN_SUSPICIOUS_MOVE = YES;
				CLANG_WARN_UNGUARDED_AVAILABILITY = YES_AGGRESSIVE;
				CLANG_WARN_UNREACHABLE_CODE = YES;
				CLANG_WARN__DUPLICATE_METHOD_MATCH = YES;
				CODE_SIGN_IDENTITY = "iPhone Developer";
				COPY_PHASE_STRIP = NO;
				DEBUG_INFORMATION_FORMAT = dwarf;
				ENABLE_STRICT_OBJC_MSGSEND = YES;
				ENABLE_TESTABILITY = YES;
				GCC_C_LANGUAGE_STANDARD = gnu11;
				GCC_DYNAMIC_NO_PIC = NO;
				GCC_NO_COMMON_BLOCKS = YES;
				GCC_OPTIMIZATION_LEVEL = 0;
				GCC_PREPROCESSOR_DEFINITIONS = (
					"DEBUG=1",
					"$(inherited)",
				);
				GCC_WARN_64_TO_32_BIT_CONVERSION = YES;
				GCC_WARN_ABOUT_RETURN_TYPE = YES_ERROR;
				GCC_WARN_UNDECLARED_SELECTOR = YES;
				GCC_WARN_UNINITIALIZED_AUTOS = YES_AGGRESSIVE;
				GCC_WARN_UNUSED_FUNCTION = YES;
				GCC_WARN_UNUSED_VARIABLE = YES;
				IPHONEOS_DEPLOYMENT_TARGET = 12.1;
				MTL_ENABLE_DEBUG_INFO = INCLUDE_SOURCE;
				MTL_FAST_MATH = YES;
				ONLY_ACTIVE_ARCH = YES;
				SDKROOT = iphoneos;
			};
			name = Debug;
		};
		B755BC2B219DEFB800A9E085 /* Release */ = {
			isa = XCBuildConfiguration;
			buildSettings = {
				ALWAYS_SEARCH_USER_PATHS = NO;
				CLANG_ANALYZER_NONNULL = YES;
				CLANG_ANALYZER_NUMBER_OBJECT_CONVERSION = YES_AGGRESSIVE;
				CLANG_CXX_LANGUAGE_STANDARD = "gnu++14";
				CLANG_CXX_LIBRARY = "libc++";
				CLANG_ENABLE_MODULES = YES;
				CLANG_ENABLE_OBJC_ARC = YES;
				CLANG_ENABLE_OBJC_WEAK = YES;
				CLANG_WARN_BLOCK_CAPTURE_AUTORELEASING = YES;
				CLANG_WARN_BOOL_CONVERSION = YES;
				CLANG_WARN_COMMA = YES;
				CLANG_WARN_CONSTANT_CONVERSION = YES;
				CLANG_WARN_DEPRECATED_OBJC_IMPLEMENTATIONS = YES;
				CLANG_WARN_DIRECT_OBJC_ISA_USAGE = YES_ERROR;
				CLANG_WARN_DOCUMENTATION_COMMENTS = YES;
				CLANG_WARN_EMPTY_BODY = YES;
				CLANG_WARN_ENUM_CONVERSION = YES;
				CLANG_WARN_INFINITE_RECURSION = YES;
				CLANG_WARN_INT_CONVERSION = YES;
				CLANG_WARN_NON_LITERAL_NULL_CONVERSION = YES;
				CLANG_WARN_OBJC_IMPLICIT_RETAIN_SELF = YES;
				CLANG_WARN_OBJC_LITERAL_CONVERSION = YES;
				CLANG_WARN_OBJC_ROOT_CLASS = YES_ERROR;
				CLANG_WARN_RANGE_LOOP_ANALYSIS = YES;
				CLANG_WARN_STRICT_PROTOTYPES = YES;
				CLANG_WARN_SUSPICIOUS_MOVE = YES;
				CLANG_WARN_UNGUARDED_AVAILABILITY = YES_AGGRESSIVE;
				CLANG_WARN_UNREACHABLE_CODE = YES;
				CLANG_WARN__DUPLICATE_METHOD_MATCH = YES;
				CODE_SIGN_IDENTITY = "iPhone Developer";
				COPY_PHASE_STRIP = NO;
				DEBUG_INFORMATION_FORMAT = "dwarf-with-dsym";
				ENABLE_NS_ASSERTIONS = NO;
				ENABLE_STRICT_OBJC_MSGSEND = YES;
				GCC_C_LANGUAGE_STANDARD = gnu11;
				GCC_NO_COMMON_BLOCKS = YES;
				GCC_WARN_64_TO_32_BIT_CONVERSION = YES;
				GCC_WARN_ABOUT_RETURN_TYPE = YES_ERROR;
				GCC_WARN_UNDECLARED_SELECTOR = YES;
				GCC_WARN_UNINITIALIZED_AUTOS = YES_AGGRESSIVE;
				GCC_WARN_UNUSED_FUNCTION = YES;
				GCC_WARN_UNUSED_VARIABLE = YES;
				IPHONEOS_DEPLOYMENT_TARGET = 12.1;
				MTL_ENABLE_DEBUG_INFO = NO;
				MTL_FAST_MATH = YES;
				SDKROOT = iphoneos;
				VALIDATE_PRODUCT = YES;
			};
			name = Release;
		};
		B755BC2D219DEFB800A9E085 /* Debug */ = {
			isa = XCBuildConfiguration;
			buildSettings = {
				ASSETCATALOG_COMPILER_APPICON_NAME = AppIcon;
				CODE_SIGN_STYLE = Automatic;
				INFOPLIST_FILE = Rover/Info.plist;
				LD_RUNPATH_SEARCH_PATHS = (
					"$(inherited)",
					"@executable_path/Frameworks",
				);
				PRODUCT_BUNDLE_IDENTIFIER = com.DevMtnStudent.Rover;
				PRODUCT_NAME = "$(TARGET_NAME)";
				TARGETED_DEVICE_FAMILY = "1,2";
			};
			name = Debug;
		};
		B755BC2E219DEFB800A9E085 /* Release */ = {
			isa = XCBuildConfiguration;
			buildSettings = {
				ASSETCATALOG_COMPILER_APPICON_NAME = AppIcon;
				CODE_SIGN_STYLE = Automatic;
				INFOPLIST_FILE = Rover/Info.plist;
				LD_RUNPATH_SEARCH_PATHS = (
					"$(inherited)",
					"@executable_path/Frameworks",
				);
				PRODUCT_BUNDLE_IDENTIFIER = com.DevMtnStudent.Rover;
				PRODUCT_NAME = "$(TARGET_NAME)";
				TARGETED_DEVICE_FAMILY = "1,2";
			};
			name = Release;
		};
/* End XCBuildConfiguration section */

/* Begin XCConfigurationList section */
		B755BC11219DEFB600A9E085 /* Build configuration list for PBXProject "Rover" */ = {
			isa = XCConfigurationList;
			buildConfigurations = (
				B755BC2A219DEFB800A9E085 /* Debug */,
				B755BC2B219DEFB800A9E085 /* Release */,
			);
			defaultConfigurationIsVisible = 0;
			defaultConfigurationName = Release;
		};
		B755BC2C219DEFB800A9E085 /* Build configuration list for PBXNativeTarget "Rover" */ = {
			isa = XCConfigurationList;
			buildConfigurations = (
				B755BC2D219DEFB800A9E085 /* Debug */,
				B755BC2E219DEFB800A9E085 /* Release */,
			);
			defaultConfigurationIsVisible = 0;
			defaultConfigurationName = Release;
		};
/* End XCConfigurationList section */
	};
	rootObject = B755BC0E219DEFB600A9E085 /* Project object */;
}
